
Microsoft Visual Studio Solution File, Format Version 12.00
# Visual Studio Version 17
VisualStudioVersion = 17.0.31903.59
MinimumVisualStudioVersion = 10.0.40219.1
Project("{2150E333-8FDC-42A3-9474-1A3956D46DE8}") = "src", "src", "{827E0CD3-B72D-47B6-A68D-7590B98EB39B}"
EndProject
Project("{FAE04EC0-301F-11D3-BF4B-00C04F79EFBC}") = "YTDLHub.Core", "src\YTDLHub.Core\YTDLHub.Core.csproj", "{0451370C-04E6-465E-ACDF-468E47031011}"
EndProject
Project("{FAE04EC0-301F-11D3-BF4B-00C04F79EFBC}") = "YTDLHub.Infrastructure", "src\YTDLHub.Infrastructure\YTDLHub.Infrastructure.csproj", "{6F75A7D4-043D-407C-886F-843EB0910BFE}"
EndProject
Project("{FAE04EC0-301F-11D3-BF4B-00C04F79EFBC}") = "YTDLHub.Bot", "src\YTDLHub.Bot\YTDLHub.Bot.csproj", "{FD6E55AD-FFB3-43AE-A88F-D9CC74264602}"
EndProject
Global
	GlobalSection(SolutionConfigurationPlatforms) = preSolution
		Debug|Any CPU = Debug|Any CPU
		Debug|x64 = Debug|x64
		Debug|x86 = Debug|x86
		Release|Any CPU = Release|Any CPU
		Release|x64 = Release|x64
		Release|x86 = Release|x86
	EndGlobalSection
	GlobalSection(ProjectConfigurationPlatforms) = postSolution
		{0451370C-04E6-465E-ACDF-468E47031011}.Debug|Any CPU.ActiveCfg = Debug|Any CPU
		{0451370C-04E6-465E-ACDF-468E47031011}.Debug|Any CPU.Build.0 = Debug|Any CPU
		{0451370C-04E6-465E-ACDF-468E47031011}.Debug|x64.ActiveCfg = Debug|Any CPU
		{0451370C-04E6-465E-ACDF-468E47031011}.Debug|x64.Build.0 = Debug|Any CPU
		{0451370C-04E6-465E-ACDF-468E47031011}.Debug|x86.ActiveCfg = Debug|Any CPU
		{0451370C-04E6-465E-ACDF-468E47031011}.Debug|x86.Build.0 = Debug|Any CPU
		{0451370C-04E6-465E-ACDF-468E47031011}.Release|Any CPU.ActiveCfg = Release|Any CPU
		{0451370C-04E6-465E-ACDF-468E47031011}.Release|Any CPU.Build.0 = Release|Any CPU
		{0451370C-04E6-465E-ACDF-468E47031011}.Release|x64.ActiveCfg = Release|Any CPU
		{0451370C-04E6-465E-ACDF-468E47031011}.Release|x64.Build.0 = Release|Any CPU
		{0451370C-04E6-465E-ACDF-468E47031011}.Release|x86.ActiveCfg = Release|Any CPU
		{0451370C-04E6-465E-ACDF-468E47031011}.Release|x86.Build.0 = Release|Any CPU
		{6F75A7D4-043D-407C-886F-843EB0910BFE}.Debug|Any CPU.ActiveCfg = Debug|Any CPU
		{6F75A7D4-043D-407C-886F-843EB0910BFE}.Debug|Any CPU.Build.0 = Debug|Any CPU
		{6F75A7D4-043D-407C-886F-843EB0910BFE}.Debug|x64.ActiveCfg = Debug|Any CPU
		{6F75A7D4-043D-407C-886F-843EB0910BFE}.Debug|x64.Build.0 = Debug|Any CPU
		{6F75A7D4-043D-407C-886F-843EB0910BFE}.Debug|x86.ActiveCfg = Debug|Any CPU
		{6F75A7D4-043D-407C-886F-843EB0910BFE}.Debug|x86.Build.0 = Debug|Any CPU
		{6F75A7D4-043D-407C-886F-843EB0910BFE}.Release|Any CPU.ActiveCfg = Release|Any CPU
		{6F75A7D4-043D-407C-886F-843EB0910BFE}.Release|Any CPU.Build.0 = Release|Any CPU
		{6F75A7D4-043D-407C-886F-843EB0910BFE}.Release|x64.ActiveCfg = Release|Any CPU
		{6F75A7D4-043D-407C-886F-843EB0910BFE}.Release|x64.Build.0 = Release|Any CPU
		{6F75A7D4-043D-407C-886F-843EB0910BFE}.Release|x86.ActiveCfg = Release|Any CPU
		{6F75A7D4-043D-407C-886F-843EB0910BFE}.Release|x86.Build.0 = Release|Any CPU
		{FD6E55AD-FFB3-43AE-A88F-D9CC74264602}.Debug|Any CPU.ActiveCfg = Debug|Any CPU
		{FD6E55AD-FFB3-43AE-A88F-D9CC74264602}.Debug|Any CPU.Build.0 = Debug|Any CPU
		{FD6E55AD-FFB3-43AE-A88F-D9CC74264602}.Debug|x64.ActiveCfg = Debug|Any CPU
		{FD6E55AD-FFB3-43AE-A88F-D9CC74264602}.Debug|x64.Build.0 = Debug|Any CPU
		{FD6E55AD-FFB3-43AE-A88F-D9CC74264602}.Debug|x86.ActiveCfg = Debug|Any CPU
		{FD6E55AD-FFB3-43AE-A88F-D9CC74264602}.Debug|x86.Build.0 = Debug|Any CPU
		{FD6E55AD-FFB3-43AE-A88F-D9CC74264602}.Release|Any CPU.ActiveCfg = Release|Any CPU
		{FD6E55AD-FFB3-43AE-A88F-D9CC74264602}.Release|Any CPU.Build.0 = Release|Any CPU
		{FD6E55AD-FFB3-43AE-A88F-D9CC74264602}.Release|x64.ActiveCfg = Release|Any CPU
		{FD6E55AD-FFB3-43AE-A88F-D9CC74264602}.Release|x64.Build.0 = Release|Any CPU
		{FD6E55AD-FFB3-43AE-A88F-D9CC74264602}.Release|x86.ActiveCfg = Release|Any CPU
		{FD6E55AD-FFB3-43AE-A88F-D9CC74264602}.Release|x86.Build.0 = Release|Any CPU
	EndGlobalSection
	GlobalSection(SolutionProperties) = preSolution
		HideSolutionNode = FALSE
	EndGlobalSection
	GlobalSection(NestedProjects) = preSolution
		{0451370C-04E6-465E-ACDF-468E47031011} = {827E0CD3-B72D-47B6-A68D-7590B98EB39B}
		{6F75A7D4-043D-407C-886F-843EB0910BFE} = {827E0CD3-B72D-47B6-A68D-7590B98EB39B}
		{FD6E55AD-FFB3-43AE-A88F-D9CC74264602} = {827E0CD3-B72D-47B6-A68D-7590B98EB39B}
	EndGlobalSection
EndGlobal
